
Microsoft Visual Studio Solution File, Format Version 11.00
# Visual Studio 2010
Project("{FAE04EC0-301F-11D3-BF4B-00C04F79EFBC}") = "Sample-WPF", "Sample-WPF\Sample-WPF.csproj", "{0110C9AE-2ACA-4EC4-85B5-E06C54EF9DFA}"
EndProject
Project("{FAE04EC0-301F-11D3-BF4B-00C04F79EFBC}") = "Sample-SL4", "Sample-SL4\Sample-SL4.csproj", "{D565175D-ABE5-4871-9922-81C689951A03}"
EndProject
Project("{FAE04EC0-301F-11D3-BF4B-00C04F79EFBC}") = "Sample-SL4.Web", "Sample-SL4.Web\Sample-SL4.Web.csproj", "{05C0899E-30D2-4C23-BB9B-2C46E26E7F48}"
EndProject
Project("{FAE04EC0-301F-11D3-BF4B-00C04F79EFBC}") = "Sample-WP7", "Sample-WP7\Sample-WP7.csproj", "{A3DAE49F-FE6D-4F82-AA79-B397BC92519A}"
EndProject
Project("{FAE04EC0-301F-11D3-BF4B-00C04F79EFBC}") = "WindowsPhoneTestApplication", "WindowsPhoneTestApplication\WindowsPhoneTestApplication.csproj", "{EA3E9ADD-3244-456F-949D-D2B09C125271}"
EndProject
Global
	GlobalSection(SolutionConfigurationPlatforms) = preSolution
		Debug|Any CPU = Debug|Any CPU
		Debug|Mixed Platforms = Debug|Mixed Platforms
		Debug|x86 = Debug|x86
		Release|Any CPU = Release|Any CPU
		Release|Mixed Platforms = Release|Mixed Platforms
		Release|x86 = Release|x86
	EndGlobalSection
	GlobalSection(ProjectConfigurationPlatforms) = postSolution
		{0110C9AE-2ACA-4EC4-85B5-E06C54EF9DFA}.Debug|Any CPU.ActiveCfg = Debug|x86
		{0110C9AE-2ACA-4EC4-85B5-E06C54EF9DFA}.Debug|Mixed Platforms.ActiveCfg = Debug|x86
		{0110C9AE-2ACA-4EC4-85B5-E06C54EF9DFA}.Debug|Mixed Platforms.Build.0 = Debug|x86
		{0110C9AE-2ACA-4EC4-85B5-E06C54EF9DFA}.Debug|x86.ActiveCfg = Debug|x86
		{0110C9AE-2ACA-4EC4-85B5-E06C54EF9DFA}.Debug|x86.Build.0 = Debug|x86
		{0110C9AE-2ACA-4EC4-85B5-E06C54EF9DFA}.Release|Any CPU.ActiveCfg = Release|x86
		{0110C9AE-2ACA-4EC4-85B5-E06C54EF9DFA}.Release|Mixed Platforms.ActiveCfg = Release|x86
		{0110C9AE-2ACA-4EC4-85B5-E06C54EF9DFA}.Release|Mixed Platforms.Build.0 = Release|x86
		{0110C9AE-2ACA-4EC4-85B5-E06C54EF9DFA}.Release|x86.ActiveCfg = Release|x86
		{0110C9AE-2ACA-4EC4-85B5-E06C54EF9DFA}.Release|x86.Build.0 = Release|x86
		{D565175D-ABE5-4871-9922-81C689951A03}.Debug|Any CPU.ActiveCfg = Debug|Any CPU
		{D565175D-ABE5-4871-9922-81C689951A03}.Debug|Any CPU.Build.0 = Debug|Any CPU
		{D565175D-ABE5-4871-9922-81C689951A03}.Debug|Mixed Platforms.ActiveCfg = Debug|Any CPU
		{D565175D-ABE5-4871-9922-81C689951A03}.Debug|Mixed Platforms.Build.0 = Debug|Any CPU
		{D565175D-ABE5-4871-9922-81C689951A03}.Debug|x86.ActiveCfg = Debug|Any CPU
		{D565175D-ABE5-4871-9922-81C689951A03}.Release|Any CPU.ActiveCfg = Release|Any CPU
		{D565175D-ABE5-4871-9922-81C689951A03}.Release|Any CPU.Build.0 = Release|Any CPU
		{D565175D-ABE5-4871-9922-81C689951A03}.Release|Mixed Platforms.ActiveCfg = Release|Any CPU
		{D565175D-ABE5-4871-9922-81C689951A03}.Release|Mixed Platforms.Build.0 = Release|Any CPU
		{D565175D-ABE5-4871-9922-81C689951A03}.Release|x86.ActiveCfg = Release|Any CPU
		{05C0899E-30D2-4C23-BB9B-2C46E26E7F48}.Debug|Any CPU.ActiveCfg = Debug|Any CPU
		{05C0899E-30D2-4C23-BB9B-2C46E26E7F48}.Debug|Any CPU.Build.0 = Debug|Any CPU
		{05C0899E-30D2-4C23-BB9B-2C46E26E7F48}.Debug|Mixed Platforms.ActiveCfg = Debug|Any CPU
		{05C0899E-30D2-4C23-BB9B-2C46E26E7F48}.Debug|Mixed Platforms.Build.0 = Debug|Any CPU
		{05C0899E-30D2-4C23-BB9B-2C46E26E7F48}.Debug|x86.ActiveCfg = Debug|Any CPU
		{05C0899E-30D2-4C23-BB9B-2C46E26E7F48}.Release|Any CPU.ActiveCfg = Release|Any CPU
		{05C0899E-30D2-4C23-BB9B-2C46E26E7F48}.Release|Any CPU.Build.0 = Release|Any CPU
		{05C0899E-30D2-4C23-BB9B-2C46E26E7F48}.Release|Mixed Platforms.ActiveCfg = Release|Any CPU
		{05C0899E-30D2-4C23-BB9B-2C46E26E7F48}.Release|Mixed Platforms.Build.0 = Release|Any CPU
		{05C0899E-30D2-4C23-BB9B-2C46E26E7F48}.Release|x86.ActiveCfg = Release|Any CPU
		{A3DAE49F-FE6D-4F82-AA79-B397BC92519A}.Debug|Any CPU.ActiveCfg = Debug|Any CPU
		{A3DAE49F-FE6D-4F82-AA79-B397BC92519A}.Debug|Any CPU.Build.0 = Debug|Any CPU
		{A3DAE49F-FE6D-4F82-AA79-B397BC92519A}.Debug|Any CPU.Deploy.0 = Debug|Any CPU
		{A3DAE49F-FE6D-4F82-AA79-B397BC92519A}.Debug|Mixed Platforms.ActiveCfg = Debug|Any CPU
		{A3DAE49F-FE6D-4F82-AA79-B397BC92519A}.Debug|Mixed Platforms.Build.0 = Debug|Any CPU
		{A3DAE49F-FE6D-4F82-AA79-B397BC92519A}.Debug|Mixed Platforms.Deploy.0 = Debug|Any CPU
		{A3DAE49F-FE6D-4F82-AA79-B397BC92519A}.Debug|x86.ActiveCfg = Debug|Any CPU
		{A3DAE49F-FE6D-4F82-AA79-B397BC92519A}.Release|Any CPU.ActiveCfg = Release|Any CPU
		{A3DAE49F-FE6D-4F82-AA79-B397BC92519A}.Release|Any CPU.Build.0 = Release|Any CPU
		{A3DAE49F-FE6D-4F82-AA79-B397BC92519A}.Release|Any CPU.Deploy.0 = Release|Any CPU
		{A3DAE49F-FE6D-4F82-AA79-B397BC92519A}.Release|Mixed Platforms.ActiveCfg = Release|Any CPU
		{A3DAE49F-FE6D-4F82-AA79-B397BC92519A}.Release|Mixed Platforms.Build.0 = Release|Any CPU
		{A3DAE49F-FE6D-4F82-AA79-B397BC92519A}.Release|Mixed Platforms.Deploy.0 = Release|Any CPU
		{A3DAE49F-FE6D-4F82-AA79-B397BC92519A}.Release|x86.ActiveCfg = Release|Any CPU
		{EA3E9ADD-3244-456F-949D-D2B09C125271}.Debug|Any CPU.ActiveCfg = Debug|Any CPU
		{EA3E9ADD-3244-456F-949D-D2B09C125271}.Debug|Any CPU.Build.0 = Debug|Any CPU
		{EA3E9ADD-3244-456F-949D-D2B09C125271}.Debug|Any CPU.Deploy.0 = Debug|Any CPU
		{EA3E9ADD-3244-456F-949D-D2B09C125271}.Debug|Mixed Platforms.ActiveCfg = Debug|Any CPU
		{EA3E9ADD-3244-456F-949D-D2B09C125271}.Debug|Mixed Platforms.Build.0 = Debug|Any CPU
		{EA3E9ADD-3244-456F-949D-D2B09C125271}.Debug|Mixed Platforms.Deploy.0 = Debug|Any CPU
		{EA3E9ADD-3244-456F-949D-D2B09C125271}.Debug|x86.ActiveCfg = Debug|Any CPU
		{EA3E9ADD-3244-456F-949D-D2B09C125271}.Release|Any CPU.ActiveCfg = Release|Any CPU
		{EA3E9ADD-3244-456F-949D-D2B09C125271}.Release|Any CPU.Build.0 = Release|Any CPU
		{EA3E9ADD-3244-456F-949D-D2B09C125271}.Release|Any CPU.Deploy.0 = Release|Any CPU
		{EA3E9ADD-3244-456F-949D-D2B09C125271}.Release|Mixed Platforms.ActiveCfg = Release|Any CPU
		{EA3E9ADD-3244-456F-949D-D2B09C125271}.Release|Mixed Platforms.Build.0 = Release|Any CPU
		{EA3E9ADD-3244-456F-949D-D2B09C125271}.Release|Mixed Platforms.Deploy.0 = Release|Any CPU
		{EA3E9ADD-3244-456F-949D-D2B09C125271}.Release|x86.ActiveCfg = Release|Any CPU
	EndGlobalSection
	GlobalSection(SolutionProperties) = preSolution
		HideSolutionNode = FALSE
	EndGlobalSection
EndGlobal
